// !$*UTF8*$!
{
	archiveVersion = 1;
	classes = {
	};
	objectVersion = 50;
	objects = {

/* Begin PBXBuildFile section */
		812A0F7D21265EE200FDC802 /* SpriteKit.framework in Frameworks */ = {isa = PBXBuildFile; fileRef = 812A0F7C21265EE200FDC802 /* SpriteKit.framework */; };
		812A0F8721337CCC00FDC802 /* Main.storyboard in Resources */ = {isa = PBXBuildFile; fileRef = 812A0F8621337CCC00FDC802 /* Main.storyboard */; };
		814F77862145432500623520 /* ButtonsDesign.swift in Sources */ = {isa = PBXBuildFile; fileRef = 814F77852145432400623520 /* ButtonsDesign.swift */; };
		818904A62123F632007B816B /* AppDelegate.swift in Sources */ = {isa = PBXBuildFile; fileRef = 818904A52123F632007B816B /* AppDelegate.swift */; };
		818904A82123F632007B816B /* ViewController.swift in Sources */ = {isa = PBXBuildFile; fileRef = 818904A72123F632007B816B /* ViewController.swift */; };
		818904AD2123F63E007B816B /* Assets.xcassets in Resources */ = {isa = PBXBuildFile; fileRef = 818904AC2123F63E007B816B /* Assets.xcassets */; };
		818904B02123F63E007B816B /* LaunchScreen.storyboard in Resources */ = {isa = PBXBuildFile; fileRef = 818904AE2123F63E007B816B /* LaunchScreen.storyboard */; };
		818904BB2123F63E007B816B /* DotsTests.swift in Sources */ = {isa = PBXBuildFile; fileRef = 818904BA2123F63E007B816B /* DotsTests.swift */; };
		818904C62123F63F007B816B /* DotsUITests.swift in Sources */ = {isa = PBXBuildFile; fileRef = 818904C52123F63F007B816B /* DotsUITests.swift */; };
/* End PBXBuildFile section */

/* Begin PBXContainerItemProxy section */
		818904B72123F63E007B816B /* PBXContainerItemProxy */ = {
			isa = PBXContainerItemProxy;
			containerPortal = 8189049A2123F631007B816B /* Project object */;
			proxyType = 1;
			remoteGlobalIDString = 818904A12123F632007B816B;
			remoteInfo = Dots;
		};
		818904C22123F63F007B816B /* PBXContainerItemProxy */ = {
			isa = PBXContainerItemProxy;
			containerPortal = 8189049A2123F631007B816B /* Project object */;
			proxyType = 1;
			remoteGlobalIDString = 818904A12123F632007B816B;
			remoteInfo = Dots;
		};
/* End PBXContainerItemProxy section */

/* Begin PBXFileReference section */
		812A0F7C21265EE200FDC802 /* SpriteKit.framework */ = {isa = PBXFileReference; lastKnownFileType = wrapper.framework; name = SpriteKit.framework; path = System/Library/Frameworks/SpriteKit.framework; sourceTree = SDKROOT; };
		812A0F8621337CCC00FDC802 /* Main.storyboard */ = {isa = PBXFileReference; lastKnownFileType = file.storyboard; path = Main.storyboard; sourceTree = "<group>"; };
		814F77852145432400623520 /* ButtonsDesign.swift */ = {isa = PBXFileReference; lastKnownFileType = sourcecode.swift; path = ButtonsDesign.swift; sourceTree = "<group>"; };
		818904A22123F632007B816B /* Dots.app */ = {isa = PBXFileReference; explicitFileType = wrapper.application; includeInIndex = 0; path = Dots.app; sourceTree = BUILT_PRODUCTS_DIR; };
		818904A52123F632007B816B /* AppDelegate.swift */ = {isa = PBXFileReference; lastKnownFileType = sourcecode.swift; path = AppDelegate.swift; sourceTree = "<group>"; };
		818904A72123F632007B816B /* ViewController.swift */ = {isa = PBXFileReference; lastKnownFileType = sourcecode.swift; path = ViewController.swift; sourceTree = "<group>"; };
		818904AC2123F63E007B816B /* Assets.xcassets */ = {isa = PBXFileReference; lastKnownFileType = folder.assetcatalog; path = Assets.xcassets; sourceTree = "<group>"; };
		818904AF2123F63E007B816B /* Base */ = {isa = PBXFileReference; lastKnownFileType = file.storyboard; name = Base; path = Base.lproj/LaunchScreen.storyboard; sourceTree = "<group>"; };
		818904B12123F63E007B816B /* Info.plist */ = {isa = PBXFileReference; lastKnownFileType = text.plist.xml; path = Info.plist; sourceTree = "<group>"; };
		818904B62123F63E007B816B /* DotsTests.xctest */ = {isa = PBXFileReference; explicitFileType = wrapper.cfbundle; includeInIndex = 0; path = DotsTests.xctest; sourceTree = BUILT_PRODUCTS_DIR; };
		818904BA2123F63E007B816B /* DotsTests.swift */ = {isa = PBXFileReference; lastKnownFileType = sourcecode.swift; path = DotsTests.swift; sourceTree = "<group>"; };
		818904BC2123F63F007B816B /* Info.plist */ = {isa = PBXFileReference; lastKnownFileType = text.plist.xml; path = Info.plist; sourceTree = "<group>"; };
		818904C12123F63F007B816B /* DotsUITests.xctest */ = {isa = PBXFileReference; explicitFileType = wrapper.cfbundle; includeInIndex = 0; path = DotsUITests.xctest; sourceTree = BUILT_PRODUCTS_DIR; };
		818904C52123F63F007B816B /* DotsUITests.swift */ = {isa = PBXFileReference; lastKnownFileType = sourcecode.swift; path = DotsUITests.swift; sourceTree = "<group>"; };
		818904C72123F63F007B816B /* Info.plist */ = {isa = PBXFileReference; lastKnownFileType = text.plist.xml; path = Info.plist; sourceTree = "<group>"; };
/* End PBXFileReference section */

/* Begin PBXFrameworksBuildPhase section */
		8189049F2123F632007B816B /* Frameworks */ = {
			isa = PBXFrameworksBuildPhase;
			buildActionMask = 2147483647;
			files = (
				812A0F7D21265EE200FDC802 /* SpriteKit.framework in Frameworks */,
			);
			runOnlyForDeploymentPostprocessing = 0;
		};
		818904B32123F63E007B816B /* Frameworks */ = {
			isa = PBXFrameworksBuildPhase;
			buildActionMask = 2147483647;
			files = (
			);
			runOnlyForDeploymentPostprocessing = 0;
		};
		818904BE2123F63F007B816B /* Frameworks */ = {
			isa = PBXFrameworksBuildPhase;
			buildActionMask = 2147483647;
			files = (
			);
			runOnlyForDeploymentPostprocessing = 0;
		};
/* End PBXFrameworksBuildPhase section */

/* Begin PBXGroup section */
		812A0F7B21265EE100FDC802 /* Frameworks */ = {
			isa = PBXGroup;
			children = (
				812A0F7C21265EE200FDC802 /* SpriteKit.framework */,
			);
			name = Frameworks;
			sourceTree = "<group>";
		};
		818904992123F631007B816B = {
			isa = PBXGroup;
			children = (
				818904A42123F632007B816B /* Dots */,
				818904B92123F63E007B816B /* DotsTests */,
				818904C42123F63F007B816B /* DotsUITests */,
				818904A32123F632007B816B /* Products */,
				812A0F7B21265EE100FDC802 /* Frameworks */,
			);
			sourceTree = "<group>";
		};
		818904A32123F632007B816B /* Products */ = {
			isa = PBXGroup;
			children = (
				818904A22123F632007B816B /* Dots.app */,
				818904B62123F63E007B816B /* DotsTests.xctest */,
				818904C12123F63F007B816B /* DotsUITests.xctest */,
			);
			name = Products;
			sourceTree = "<group>";
		};
		818904A42123F632007B816B /* Dots */ = {
			isa = PBXGroup;
			children = (
				818904A52123F632007B816B /* AppDelegate.swift */,
				818904A72123F632007B816B /* ViewController.swift */,
				814F77852145432400623520 /* ButtonsDesign.swift */,
				812A0F8621337CCC00FDC802 /* Main.storyboard */,
				818904AC2123F63E007B816B /* Assets.xcassets */,
				818904AE2123F63E007B816B /* LaunchScreen.storyboard */,
				818904B12123F63E007B816B /* Info.plist */,
			);
			path = Dots;
			sourceTree = "<group>";
		};
		818904B92123F63E007B816B /* DotsTests */ = {
			isa = PBXGroup;
			children = (
				818904BA2123F63E007B816B /* DotsTests.swift */,
				818904BC2123F63F007B816B /* Info.plist */,
			);
			path = DotsTests;
			sourceTree = "<group>";
		};
		818904C42123F63F007B816B /* DotsUITests */ = {
			isa = PBXGroup;
			children = (
				818904C52123F63F007B816B /* DotsUITests.swift */,
				818904C72123F63F007B816B /* Info.plist */,
			);
			path = DotsUITests;
			sourceTree = "<group>";
		};
/* End PBXGroup section */

/* Begin PBXNativeTarget section */
		818904A12123F632007B816B /* Dots */ = {
			isa = PBXNativeTarget;
			buildConfigurationList = 818904CA2123F63F007B816B /* Build configuration list for PBXNativeTarget "Dots" */;
			buildPhases = (
				8189049E2123F632007B816B /* Sources */,
				8189049F2123F632007B816B /* Frameworks */,
				818904A02123F632007B816B /* Resources */,
			);
			buildRules = (
			);
			dependencies = (
			);
			name = Dots;
			productName = Dots;
			productReference = 818904A22123F632007B816B /* Dots.app */;
			productType = "com.apple.product-type.application";
		};
		818904B52123F63E007B816B /* DotsTests */ = {
			isa = PBXNativeTarget;
			buildConfigurationList = 818904CD2123F63F007B816B /* Build configuration list for PBXNativeTarget "DotsTests" */;
			buildPhases = (
				818904B22123F63E007B816B /* Sources */,
				818904B32123F63E007B816B /* Frameworks */,
				818904B42123F63E007B816B /* Resources */,
			);
			buildRules = (
			);
			dependencies = (
				818904B82123F63E007B816B /* PBXTargetDependency */,
			);
			name = DotsTests;
			productName = DotsTests;
			productReference = 818904B62123F63E007B816B /* DotsTests.xctest */;
			productType = "com.apple.product-type.bundle.unit-test";
		};
		818904C02123F63F007B816B /* DotsUITests */ = {
			isa = PBXNativeTarget;
			buildConfigurationList = 818904D02123F63F007B816B /* Build configuration list for PBXNativeTarget "DotsUITests" */;
			buildPhases = (
				818904BD2123F63F007B816B /* Sources */,
				818904BE2123F63F007B816B /* Frameworks */,
				818904BF2123F63F007B816B /* Resources */,
			);
			buildRules = (
			);
			dependencies = (
				818904C32123F63F007B816B /* PBXTargetDependency */,
			);
			name = DotsUITests;
			productName = DotsUITests;
			productReference = 818904C12123F63F007B816B /* DotsUITests.xctest */;
			productType = "com.apple.product-type.bundle.ui-testing";
		};
/* End PBXNativeTarget section */

/* Begin PBXProject section */
		8189049A2123F631007B816B /* Project object */ = {
			isa = PBXProject;
			attributes = {
				LastSwiftUpdateCheck = 0940;
				LastUpgradeCheck = 0940;
				ORGANIZATIONNAME = "Leon Vladimirov";
				TargetAttributes = {
					818904A12123F632007B816B = {
						CreatedOnToolsVersion = 9.4.1;
						LastSwiftMigration = 1000;
					};
					818904B52123F63E007B816B = {
						CreatedOnToolsVersion = 9.4.1;
						LastSwiftMigration = 1000;
						TestTargetID = 818904A12123F632007B816B;
					};
					818904C02123F63F007B816B = {
						CreatedOnToolsVersion = 9.4.1;
						LastSwiftMigration = 1000;
						TestTargetID = 818904A12123F632007B816B;
					};
				};
			};
			buildConfigurationList = 8189049D2123F632007B816B /* Build configuration list for PBXProject "Dots" */;
			compatibilityVersion = "Xcode 9.3";
			developmentRegion = en;
			hasScannedForEncodings = 0;
			knownRegions = (
				en,
				Base,
			);
			mainGroup = 818904992123F631007B816B;
			productRefGroup = 818904A32123F632007B816B /* Products */;
			projectDirPath = "";
			projectRoot = "";
			targets = (
				818904A12123F632007B816B /* Dots */,
				818904B52123F63E007B816B /* DotsTests */,
				818904C02123F63F007B816B /* DotsUITests */,
			);
		};
/* End PBXProject section */

/* Begin PBXResourcesBuildPhase section */
		818904A02123F632007B816B /* Resources */ = {
			isa = PBXResourcesBuildPhase;
			buildActionMask = 2147483647;
			files = (
				818904B02123F63E007B816B /* LaunchScreen.storyboard in Resources */,
				818904AD2123F63E007B816B /* Assets.xcassets in Resources */,
				812A0F8721337CCC00FDC802 /* Main.storyboard in Resources */,
			);
			runOnlyForDeploymentPostprocessing = 0;
		};
		818904B42123F63E007B816B /* Resources */ = {
			isa = PBXResourcesBuildPhase;
			buildActionMask = 2147483647;
			files = (
			);
			runOnlyForDeploymentPostprocessing = 0;
		};
		818904BF2123F63F007B816B /* Resources */ = {
			isa = PBXResourcesBuildPhase;
			buildActionMask = 2147483647;
			files = (
			);
			runOnlyForDeploymentPostprocessing = 0;
		};
/* End PBXResourcesBuildPhase section */

/* Begin PBXSourcesBuildPhase section */
		8189049E2123F632007B816B /* Sources */ = {
			isa = PBXSourcesBuildPhase;
			buildActionMask = 2147483647;
			files = (
				818904A82123F632007B816B /* ViewController.swift in Sources */,
				818904A62123F632007B816B /* AppDelegate.swift in Sources */,
				814F77862145432500623520 /* ButtonsDesign.swift in Sources */,
			);
			runOnlyForDeploymentPostprocessing = 0;
		};
		818904B22123F63E007B816B /* Sources */ = {
			isa = PBXSourcesBuildPhase;
			buildActionMask = 2147483647;
			files = (
				818904BB2123F63E007B816B /* DotsTests.swift in Sources */,
			);
			runOnlyForDeploymentPostprocessing = 0;
		};
		818904BD2123F63F007B816B /* Sources */ = {
			isa = PBXSourcesBuildPhase;
			buildActionMask = 2147483647;
			files = (
				818904C62123F63F007B816B /* DotsUITests.swift in Sources */,
			);
			runOnlyForDeploymentPostprocessing = 0;
		};
/* End PBXSourcesBuildPhase section */

/* Begin PBXTargetDependency section */
		818904B82123F63E007B816B /* PBXTargetDependency */ = {
			isa = PBXTargetDependency;
			target = 818904A12123F632007B816B /* Dots */;
			targetProxy = 818904B72123F63E007B816B /* PBXContainerItemProxy */;
		};
		818904C32123F63F007B816B /* PBXTargetDependency */ = {
			isa = PBXTargetDependency;
			target = 818904A12123F632007B816B /* Dots */;
			targetProxy = 818904C22123F63F007B816B /* PBXContainerItemProxy */;
		};
/* End PBXTargetDependency section */

/* Begin PBXVariantGroup section */
		818904AE2123F63E007B816B /* LaunchScreen.storyboard */ = {
			isa = PBXVariantGroup;
			children = (
				818904AF2123F63E007B816B /* Base */,
			);
			name = LaunchScreen.storyboard;
			sourceTree = "<group>";
		};
/* End PBXVariantGroup section */

/* Begin XCBuildConfiguration section */
		818904C82123F63F007B816B /* Debug */ = {
			isa = XCBuildConfiguration;
			buildSettings = {
				ALWAYS_SEARCH_USER_PATHS = NO;
				CLANG_ANALYZER_NONNULL = YES;
				CLANG_ANALYZER_NUMBER_OBJECT_CONVERSION = YES_AGGRESSIVE;
				CLANG_CXX_LANGUAGE_STANDARD = "gnu++14";
				CLANG_CXX_LIBRARY = "libc++";
				CLANG_ENABLE_MODULES = YES;
				CLANG_ENABLE_OBJC_ARC = YES;
				CLANG_ENABLE_OBJC_WEAK = YES;
				CLANG_WARN_BLOCK_CAPTURE_AUTORELEASING = YES;
				CLANG_WARN_BOOL_CONVERSION = YES;
				CLANG_WARN_COMMA = YES;
				CLANG_WARN_CONSTANT_CONVERSION = YES;
				CLANG_WARN_DEPRECATED_OBJC_IMPLEMENTATIONS = YES;
				CLANG_WARN_DIRECT_OBJC_ISA_USAGE = YES_ERROR;
				CLANG_WARN_DOCUMENTATION_COMMENTS = YES;
				CLANG_WARN_EMPTY_BODY = YES;
				CLANG_WARN_ENUM_CONVERSION = YES;
				CLANG_WARN_INFINITE_RECURSION = YES;
				CLANG_WARN_INT_CONVERSION = YES;
				CLANG_WARN_NON_LITERAL_NULL_CONVERSION = YES;
				CLANG_WARN_OBJC_IMPLICIT_RETAIN_SELF = YES;
				CLANG_WARN_OBJC_LITERAL_CONVERSION = YES;
				CLANG_WARN_OBJC_ROOT_CLASS = YES_ERROR;
				CLANG_WARN_RANGE_LOOP_ANALYSIS = YES;
				CLANG_WARN_STRICT_PROTOTYPES = YES;
				CLANG_WARN_SUSPICIOUS_MOVE = YES;
				CLANG_WARN_UNGUARDED_AVAILABILITY = YES_AGGRESSIVE;
				CLANG_WARN_UNREACHABLE_CODE = YES;
				CLANG_WARN__DUPLICATE_METHOD_MATCH = YES;
				CODE_SIGN_IDENTITY = "iPhone Developer";
				COPY_PHASE_STRIP = NO;
				DEBUG_INFORMATION_FORMAT = dwarf;
				ENABLE_STRICT_OBJC_MSGSEND = YES;
				ENABLE_TESTABILITY = YES;
				GCC_C_LANGUAGE_STANDARD = gnu11;
				GCC_DYNAMIC_NO_PIC = NO;
				GCC_NO_COMMON_BLOCKS = YES;
				GCC_OPTIMIZATION_LEVEL = 0;
				GCC_PREPROCESSOR_DEFINITIONS = (
					"DEBUG=1",
					"$(inherited)",
				);
				GCC_WARN_64_TO_32_BIT_CONVERSION = YES;
				GCC_WARN_ABOUT_RETURN_TYPE = YES_ERROR;
				GCC_WARN_UNDECLARED_SELECTOR = YES;
				GCC_WARN_UNINITIALIZED_AUTOS = YES_AGGRESSIVE;
				GCC_WARN_UNUSED_FUNCTION = YES;
				GCC_WARN_UNUSED_VARIABLE = YES;
				IPHONEOS_DEPLOYMENT_TARGET = 11.4;
				MTL_ENABLE_DEBUG_INFO = YES;
				ONLY_ACTIVE_ARCH = YES;
				SDKROOT = iphoneos;
				SWIFT_ACTIVE_COMPILATION_CONDITIONS = DEBUG;
				SWIFT_OPTIMIZATION_LEVEL = "-Onone";
			};
			name = Debug;
		};
		818904C92123F63F007B816B /* Release */ = {
			isa = XCBuildConfiguration;
			buildSettings = {
				ALWAYS_SEARCH_USER_PATHS = NO;
				CLANG_ANALYZER_NONNULL = YES;
				CLANG_ANALYZER_NUMBER_OBJECT_CONVERSION = YES_AGGRESSIVE;
				CLANG_CXX_LANGUAGE_STANDARD = "gnu++14";
				CLANG_CXX_LIBRARY = "libc++";
				CLANG_ENABLE_MODULES = YES;
				CLANG_ENABLE_OBJC_ARC = YES;
				CLANG_ENABLE_OBJC_WEAK = YES;
				CLANG_WARN_BLOCK_CAPTURE_AUTORELEASING = YES;
				CLANG_WARN_BOOL_CONVERSION = YES;
				CLANG_WARN_COMMA = YES;
				CLANG_WARN_CONSTANT_CONVERSION = YES;
				CLANG_WARN_DEPRECATED_OBJC_IMPLEMENTATIONS = YES;
				CLANG_WARN_DIRECT_OBJC_ISA_USAGE = YES_ERROR;
				CLANG_WARN_DOCUMENTATION_COMMENTS = YES;
				CLANG_WARN_EMPTY_BODY = YES;
				CLANG_WARN_ENUM_CONVERSION = YES;
				CLANG_WARN_INFINITE_RECURSION = YES;
				CLANG_WARN_INT_CONVERSION = YES;
				CLANG_WARN_NON_LITERAL_NULL_CONVERSION = YES;
				CLANG_WARN_OBJC_IMPLICIT_RETAIN_SELF = YES;
				CLANG_WARN_OBJC_LITERAL_CONVERSION = YES;
				CLANG_WARN_OBJC_ROOT_CLASS = YES_ERROR;
				CLANG_WARN_RANGE_LOOP_ANALYSIS = YES;
				CLANG_WARN_STRICT_PROTOTYPES = YES;
				CLANG_WARN_SUSPICIOUS_MOVE = YES;
				CLANG_WARN_UNGUARDED_AVAILABILITY = YES_AGGRESSIVE;
				CLANG_WARN_UNREACHABLE_CODE = YES;
				CLANG_WARN__DUPLICATE_METHOD_MATCH = YES;
				CODE_SIGN_IDENTITY = "iPhone Developer";
				COPY_PHASE_STRIP = NO;
				DEBUG_INFORMATION_FORMAT = "dwarf-with-dsym";
				ENABLE_NS_ASSERTIONS = NO;
				ENABLE_STRICT_OBJC_MSGSEND = YES;
				GCC_C_LANGUAGE_STANDARD = gnu11;
				GCC_NO_COMMON_BLOCKS = YES;
				GCC_WARN_64_TO_32_BIT_CONVERSION = YES;
				GCC_WARN_ABOUT_RETURN_TYPE = YES_ERROR;
				GCC_WARN_UNDECLARED_SELECTOR = YES;
				GCC_WARN_UNINITIALIZED_AUTOS = YES_AGGRESSIVE;
				GCC_WARN_UNUSED_FUNCTION = YES;
				GCC_WARN_UNUSED_VARIABLE = YES;
				IPHONEOS_DEPLOYMENT_TARGET = 11.4;
				MTL_ENABLE_DEBUG_INFO = NO;
				SDKROOT = iphoneos;
				SWIFT_COMPILATION_MODE = wholemodule;
				SWIFT_OPTIMIZATION_LEVEL = "-O";
				VALIDATE_PRODUCT = YES;
			};
			name = Release;
		};
		818904CB2123F63F007B816B /* Debug */ = {
			isa = XCBuildConfiguration;
			buildSettings = {
				ASSETCATALOG_COMPILER_APPICON_NAME = AppIcon;
				CODE_SIGN_STYLE = Automatic;
				DEVELOPMENT_TEAM = EXMYY8J9M4;
				INFOPLIST_FILE = Dots/Info.plist;
				LD_RUNPATH_SEARCH_PATHS = (
					"$(inherited)",
					"@executable_path/Frameworks",
				);
				PRODUCT_BUNDLE_IDENTIFIER = Hugaboom.Dots;
				PRODUCT_NAME = "$(TARGET_NAME)";
				SWIFT_VERSION = 4.2;
				TARGETED_DEVICE_FAMILY = 1;
			};
			name = Debug;
		};
		818904CC2123F63F007B816B /* Release */ = {
			isa = XCBuildConfiguration;
			buildSettings = {
				ASSETCATALOG_COMPILER_APPICON_NAME = AppIcon;
				CODE_SIGN_STYLE = Automatic;
				DEVELOPMENT_TEAM = EXMYY8J9M4;
				INFOPLIST_FILE = Dots/Info.plist;
				LD_RUNPATH_SEARCH_PATHS = (
					"$(inherited)",
					"@executable_path/Frameworks",
				);
				PRODUCT_BUNDLE_IDENTIFIER = Hugaboom.Dots;
				PRODUCT_NAME = "$(TARGET_NAME)";
				SWIFT_VERSION = 4.2;
				TARGETED_DEVICE_FAMILY = 1;
			};
			name = Release;
		};
		818904CE2123F63F007B816B /* Debug */ = {
			isa = XCBuildConfiguration;
			buildSettings = {
				ALWAYS_EMBED_SWIFT_STANDARD_LIBRARIES = YES;
				BUNDLE_LOADER = "$(TEST_HOST)";
				CODE_SIGN_STYLE = Automatic;
				INFOPLIST_FILE = DotsTests/Info.plist;
				LD_RUNPATH_SEARCH_PATHS = (
					"$(inherited)",
					"@executable_path/Frameworks",
					"@loader_path/Frameworks",
				);
				PRODUCT_BUNDLE_IDENTIFIER = Hugaboom.DotsTests;
				PRODUCT_NAME = "$(TARGET_NAME)";
				SWIFT_VERSION = 4.2;
				TARGETED_DEVICE_FAMILY = "1,2";
				TEST_HOST = "$(BUILT_PRODUCTS_DIR)/Dots.app/Dots";
			};
			name = Debug;
		};
		818904CF2123F63F007B816B /* Release */ = {
			isa = XCBuildConfiguration;
			buildSettings = {
				ALWAYS_EMBED_SWIFT_STANDARD_LIBRARIES = YES;
				BUNDLE_LOADER = "$(TEST_HOST)";
				CODE_SIGN_STYLE = Automatic;
				INFOPLIST_FILE = DotsTests/Info.plist;
				LD_RUNPATH_SEARCH_PATHS = (
					"$(inherited)",
					"@executable_path/Frameworks",
					"@loader_path/Frameworks",
				);
				PRODUCT_BUNDLE_IDENTIFIER = Hugaboom.DotsTests;
				PRODUCT_NAME = "$(TARGET_NAME)";
				SWIFT_VERSION = 4.2;
				TARGETED_DEVICE_FAMILY = "1,2";
				TEST_HOST = "$(BUILT_PRODUCTS_DIR)/Dots.app/Dots";
			};
			name = Release;
		};
		818904D12123F63F007B816B /* Debug */ = {
			isa = XCBuildConfiguration;
			buildSettings = {
				ALWAYS_EMBED_SWIFT_STANDARD_LIBRARIES = YES;
				CODE_SIGN_STYLE = Automatic;
				INFOPLIST_FILE = DotsUITests/Info.plist;
				LD_RUNPATH_SEARCH_PATHS = (
					"$(inherited)",
					"@executable_path/Frameworks",
					"@loader_path/Frameworks",
				);
				PRODUCT_BUNDLE_IDENTIFIER = Hugaboom.DotsUITests;
				PRODUCT_NAME = "$(TARGET_NAME)";
				SWIFT_VERSION = 4.2;
				TARGETED_DEVICE_FAMILY = "1,2";
				TEST_TARGET_NAME = Dots;
			};
			name = Debug;
		};
		818904D22123F63F007B816B /* Release */ = {
			isa = XCBuildConfiguration;
			buildSettings = {
				ALWAYS_EMBED_SWIFT_STANDARD_LIBRARIES = YES;
				CODE_SIGN_STYLE = Automatic;
				INFOPLIST_FILE = DotsUITests/Info.plist;
				LD_RUNPATH_SEARCH_PATHS = (
					"$(inherited)",
					"@executable_path/Frameworks",
					"@loader_path/Frameworks",
				);
				PRODUCT_BUNDLE_IDENTIFIER = Hugaboom.DotsUITests;
				PRODUCT_NAME = "$(TARGET_NAME)";
				SWIFT_VERSION = 4.2;
				TARGETED_DEVICE_FAMILY = "1,2";
				TEST_TARGET_NAME = Dots;
			};
			name = Release;
		};
/* End XCBuildConfiguration section */

/* Begin XCConfigurationList section */
		8189049D2123F632007B816B /* Build configuration list for PBXProject "Dots" */ = {
			isa = XCConfigurationList;
			buildConfigurations = (
				818904C82123F63F007B816B /* Debug */,
				818904C92123F63F007B816B /* Release */,
			);
			defaultConfigurationIsVisible = 0;
			defaultConfigurationName = Release;
		};
		818904CA2123F63F007B816B /* Build configuration list for PBXNativeTarget "Dots" */ = {
			isa = XCConfigurationList;
			buildConfigurations = (
				818904CB2123F63F007B816B /* Debug */,
				818904CC2123F63F007B816B /* Release */,
			);
			defaultConfigurationIsVisible = 0;
			defaultConfigurationName = Release;
		};
		818904CD2123F63F007B816B /* Build configuration list for PBXNativeTarget "DotsTests" */ = {
			isa = XCConfigurationList;
			buildConfigurations = (
				818904CE2123F63F007B816B /* Debug */,
				818904CF2123F63F007B816B /* Release */,
			);
			defaultConfigurationIsVisible = 0;
			defaultConfigurationName = Release;
		};
		818904D02123F63F007B816B /* Build configuration list for PBXNativeTarget "DotsUITests" */ = {
			isa = XCConfigurationList;
			buildConfigurations = (
				818904D12123F63F007B816B /* Debug */,
				818904D22123F63F007B816B /* Release */,
			);
			defaultConfigurationIsVisible = 0;
			defaultConfigurationName = Release;
		};
/* End XCConfigurationList section */
	};
	rootObject = 8189049A2123F631007B816B /* Project object */;
}
